
Microsoft Visual Studio Solution File, Format Version 12.00
# Visual Studio 2013
VisualStudioVersion = 12.0.21005.1
MinimumVisualStudioVersion = 10.0.40219.1
Project("{F184B08F-C81C-45F6-A57F-5ABD9991F28F}") = "HS.WebUI", "HS.WebUI\HS.WebUI.vbproj", "{7E810315-CE1C-4AB8-8156-658666E81450}"
EndProject
Project("{F184B08F-C81C-45F6-A57F-5ABD9991F28F}") = "HS.BE", "HS.BE\HS.BE.vbproj", "{7BF06C5D-7178-44C4-8DD0-BC338EB84566}"
EndProject
Project("{F184B08F-C81C-45F6-A57F-5ABD9991F28F}") = "HS.BLL", "HS.BLL\HS.BLL.vbproj", "{404402EC-A964-43CF-A6FF-D6C56A05964C}"
EndProject
Project("{F184B08F-C81C-45F6-A57F-5ABD9991F28F}") = "HS.DAL", "HS.DAL\HS.DAL.vbproj", "{AA2C4402-4D85-4DA4-883D-28B82F4735AD}"
EndProject
Global
	GlobalSection(SolutionConfigurationPlatforms) = preSolution
		Debug|Any CPU = Debug|Any CPU
		Release|Any CPU = Release|Any CPU
	EndGlobalSection
	GlobalSection(ProjectConfigurationPlatforms) = postSolution
		{7E810315-CE1C-4AB8-8156-658666E81450}.Debug|Any CPU.ActiveCfg = Debug|Any CPU
		{7E810315-CE1C-4AB8-8156-658666E81450}.Debug|Any CPU.Build.0 = Debug|Any CPU
		{7E810315-CE1C-4AB8-8156-658666E81450}.Release|Any CPU.ActiveCfg = Release|Any CPU
		{7E810315-CE1C-4AB8-8156-658666E81450}.Release|Any CPU.Build.0 = Release|Any CPU
		{7BF06C5D-7178-44C4-8DD0-BC338EB84566}.Debug|Any CPU.ActiveCfg = Debug|Any CPU
		{7BF06C5D-7178-44C4-8DD0-BC338EB84566}.Debug|Any CPU.Build.0 = Debug|Any CPU
		{7BF06C5D-7178-44C4-8DD0-BC338EB84566}.Release|Any CPU.ActiveCfg = Release|Any CPU
		{7BF06C5D-7178-44C4-8DD0-BC338EB84566}.Release|Any CPU.Build.0 = Release|Any CPU
		{404402EC-A964-43CF-A6FF-D6C56A05964C}.Debug|Any CPU.ActiveCfg = Debug|Any CPU
		{404402EC-A964-43CF-A6FF-D6C56A05964C}.Debug|Any CPU.Build.0 = Debug|Any CPU
		{404402EC-A964-43CF-A6FF-D6C56A05964C}.Release|Any CPU.ActiveCfg = Release|Any CPU
		{404402EC-A964-43CF-A6FF-D6C56A05964C}.Release|Any CPU.Build.0 = Release|Any CPU
		{AA2C4402-4D85-4DA4-883D-28B82F4735AD}.Debug|Any CPU.ActiveCfg = Debug|Any CPU
		{AA2C4402-4D85-4DA4-883D-28B82F4735AD}.Debug|Any CPU.Build.0 = Debug|Any CPU
		{AA2C4402-4D85-4DA4-883D-28B82F4735AD}.Release|Any CPU.ActiveCfg = Release|Any CPU
		{AA2C4402-4D85-4DA4-883D-28B82F4735AD}.Release|Any CPU.Build.0 = Release|Any CPU
	EndGlobalSection
	GlobalSection(SolutionProperties) = preSolution
		HideSolutionNode = FALSE
	EndGlobalSection
EndGlobal
